
Microsoft Visual Studio Solution File, Format Version 12.00
# Visual Studio Version 16
VisualStudioVersion = 25.0.1706.14
MinimumVisualStudioVersion = 10.0.40219.1
Project("{FAE04EC0-301F-11D3-BF4B-00C04F79EFBC}") = "TruVideoVideoiOSBinding", "TruVideoVideoiOSBinding\TruVideoVideoiOSBinding.csproj", "{8C221693-F095-41AC-9E84-ADF99E09F5AC}"
EndProject
Global
	GlobalSection(SolutionConfigurationPlatforms) = preSolution
		Debug|Any CPU = Debug|Any CPU
		Release|Any CPU = Release|Any CPU
		Debug|iPhoneSimulator = Debug|iPhoneSimulator
		Release|iPhoneSimulator = Release|iPhoneSimulator
		Debug|iPhone = Debug|iPhone
		Release|iPhone = Release|iPhone
	EndGlobalSection
	GlobalSection(ProjectConfigurationPlatforms) = postSolution
		{8C221693-F095-41AC-9E84-ADF99E09F5AC}.Debug|Any CPU.ActiveCfg = Debug|Any CPU
		{8C221693-F095-41AC-9E84-ADF99E09F5AC}.Debug|Any CPU.Build.0 = Debug|Any CPU
		{8C221693-F095-41AC-9E84-ADF99E09F5AC}.Release|Any CPU.ActiveCfg = Release|Any CPU
		{8C221693-F095-41AC-9E84-ADF99E09F5AC}.Release|Any CPU.Build.0 = Release|Any CPU
		{8C221693-F095-41AC-9E84-ADF99E09F5AC}.Debug|iPhoneSimulator.ActiveCfg = Debug|Any CPU
		{8C221693-F095-41AC-9E84-ADF99E09F5AC}.Debug|iPhoneSimulator.Build.0 = Debug|Any CPU
		{8C221693-F095-41AC-9E84-ADF99E09F5AC}.Release|iPhoneSimulator.ActiveCfg = Release|Any CPU
		{8C221693-F095-41AC-9E84-ADF99E09F5AC}.Release|iPhoneSimulator.Build.0 = Release|Any CPU
		{8C221693-F095-41AC-9E84-ADF99E09F5AC}.Debug|iPhone.ActiveCfg = Debug|Any CPU
		{8C221693-F095-41AC-9E84-ADF99E09F5AC}.Debug|iPhone.Build.0 = Debug|Any CPU
		{8C221693-F095-41AC-9E84-ADF99E09F5AC}.Release|iPhone.ActiveCfg = Release|Any CPU
		{8C221693-F095-41AC-9E84-ADF99E09F5AC}.Release|iPhone.Build.0 = Release|Any CPU
	EndGlobalSection
	GlobalSection(SolutionProperties) = preSolution
		HideSolutionNode = FALSE
	EndGlobalSection
	GlobalSection(ExtensibilityGlobals) = postSolution
		SolutionGuid = {1ECE221B-9875-4D9E-AA0B-009719350FA3}
	EndGlobalSection
EndGlobal
