{
  "originHash" : "e0781f512665b6e82b58f9105101eadb73fcd086ded449d1572fa5f22cc1c8ca",
  "pins" : [
    {
      "identity" : "truvideo-sdk-ios-video",
      "kind" : "remoteSourceControl",
      "location" : "https://github.com/Truvideo/truvideo-sdk-ios-video.git",
      "state" : {
        "revision" : "aadeb79c42e6d7041fef4f09d9fd8e4a88ae41f9",
        "version" : "78.1.2"
      }
    }
  ],
  "version" : 3
}
