{
  "originHash" : "e0781f512665b6e82b58f9105101eadb73fcd086ded449d1572fa5f22cc1c8ca",
  "pins" : [
    {
      "identity" : "truvideo-sdk-ios-video",
      "kind" : "remoteSourceControl",
      "location" : "https://github.com/Truvideo/truvideo-sdk-ios-video.git",
      "state" : {
        "revision" : "49ddbc6664214a30cdbff090bfed91b1d38769ce",
        "version" : "76.2.1"
      }
    }
  ],
  "version" : 3
}
